
Microsoft Visual Studio Solution File, Format Version 12.00
# Visual Studio Version 17
VisualStudioVersion = 17.7.34018.315
MinimumVisualStudioVersion = 10.0.40219.1
Project("{FAE04EC0-301F-11D3-BF4B-00C04F79EFBC}") = "WordCounter", "WordCounter.csproj", "{44B1F4A0-F684-4BF9-917C-E6B6D85E12DA}"
EndProject
Global
	GlobalSection(SolutionConfigurationPlatforms) = preSolution
		Debug|Any CPU = Debug|Any CPU
		Release|Any CPU = Release|Any CPU
	EndGlobalSection
	GlobalSection(ProjectConfigurationPlatforms) = postSolution
		{44B1F4A0-F684-4BF9-917C-E6B6D85E12DA}.Debug|Any CPU.ActiveCfg = Debug|Any CPU
		{44B1F4A0-F684-4BF9-917C-E6B6D85E12DA}.Debug|Any CPU.Build.0 = Debug|Any CPU
		{44B1F4A0-F684-4BF9-917C-E6B6D85E12DA}.Release|Any CPU.ActiveCfg = Release|Any CPU
		{44B1F4A0-F684-4BF9-917C-E6B6D85E12DA}.Release|Any CPU.Build.0 = Release|Any CPU
	EndGlobalSection
	GlobalSection(SolutionProperties) = preSolution
		HideSolutionNode = FALSE
	EndGlobalSection
	GlobalSection(ExtensibilityGlobals) = postSolution
		SolutionGuid = {4DF94087-8B3A-4B47-9968-CFFA92A7D222}
	EndGlobalSection
EndGlobal
